// !$*UTF8*$!
{
	archiveVersion = 1;
	classes = {
	};
	objectVersion = 55;
	objects = {

/* Begin PBXBuildFile section */
		23014B562809DE9F000FE967 /* AppStoreApp.swift in Sources */ = {isa = PBXBuildFile; fileRef = 23014B552809DE9F000FE967 /* AppStoreApp.swift */; };
		23014B582809DE9F000FE967 /* Home.swift in Sources */ = {isa = PBXBuildFile; fileRef = 23014B572809DE9F000FE967 /* Home.swift */; };
		23014B5A2809DEA2000FE967 /* Assets.xcassets in Resources */ = {isa = PBXBuildFile; fileRef = 23014B592809DEA2000FE967 /* Assets.xcassets */; };
		23014B5D2809DEA2000FE967 /* Preview Assets.xcassets in Resources */ = {isa = PBXBuildFile; fileRef = 23014B5C2809DEA2000FE967 /* Preview Assets.xcassets */; };
		23014B832809E8E1000FE967 /* Categories.swift in Sources */ = {isa = PBXBuildFile; fileRef = 23014B822809E8E1000FE967 /* Categories.swift */; };
		23014B852809EEA6000FE967 /* HeaderView.swift in Sources */ = {isa = PBXBuildFile; fileRef = 23014B842809EEA6000FE967 /* HeaderView.swift */; };
		231F03762809F47700E8701B /* Apps.swift in Sources */ = {isa = PBXBuildFile; fileRef = 231F03752809F47700E8701B /* Apps.swift */; };
		231F03782809F48100E8701B /* Movies.swift in Sources */ = {isa = PBXBuildFile; fileRef = 231F03772809F48100E8701B /* Movies.swift */; };
		231F037A2809F48400E8701B /* Books.swift in Sources */ = {isa = PBXBuildFile; fileRef = 231F03792809F48400E8701B /* Books.swift */; };
		231F037C280A179700E8701B /* Product.swift in Sources */ = {isa = PBXBuildFile; fileRef = 231F037B280A179700E8701B /* Product.swift */; };
		231F037E280A17ED00E8701B /* ProductViewModel.swift in Sources */ = {isa = PBXBuildFile; fileRef = 231F037D280A17ED00E8701B /* ProductViewModel.swift */; };
		231F0381280A1F0200E8701B /* HScrollProducts.swift in Sources */ = {isa = PBXBuildFile; fileRef = 231F0380280A1F0200E8701B /* HScrollProducts.swift */; };
		231F0383280A201400E8701B /* ScrollHeader.swift in Sources */ = {isa = PBXBuildFile; fileRef = 231F0382280A201400E8701B /* ScrollHeader.swift */; };
		231F0385280A209E00E8701B /* ScrollHeaderSingle.swift in Sources */ = {isa = PBXBuildFile; fileRef = 231F0384280A209E00E8701B /* ScrollHeaderSingle.swift */; };
		233576C82824473200C1ACBB /* img3.png in Resources */ = {isa = PBXBuildFile; fileRef = 233576C52824473200C1ACBB /* img3.png */; };
		233576C92824473200C1ACBB /* img1.png in Resources */ = {isa = PBXBuildFile; fileRef = 233576C62824473200C1ACBB /* img1.png */; };
		233576CA2824473200C1ACBB /* img2.png in Resources */ = {isa = PBXBuildFile; fileRef = 233576C72824473200C1ACBB /* img2.png */; };
		23BAE419280C9E36000B2127 /* SizeOzel.swift in Sources */ = {isa = PBXBuildFile; fileRef = 23BAE418280C9E36000B2127 /* SizeOzel.swift */; };
		23BAE41B280C9EA6000B2127 /* UstSiralar.swift in Sources */ = {isa = PBXBuildFile; fileRef = 23BAE41A280C9EA6000B2127 /* UstSiralar.swift */; };
		23BAE41D280C9F0A000B2127 /* Etkinlikler.swift in Sources */ = {isa = PBXBuildFile; fileRef = 23BAE41C280C9F0A000B2127 /* Etkinlikler.swift */; };
		23DAC9342809F24800662E7B /* MainTabView.swift in Sources */ = {isa = PBXBuildFile; fileRef = 23DAC9332809F24800662E7B /* MainTabView.swift */; };
/* End PBXBuildFile section */

/* Begin PBXContainerItemProxy section */
		23014B632809DEA2000FE967 /* PBXContainerItemProxy */ = {
			isa = PBXContainerItemProxy;
			containerPortal = 23014B4A2809DE9F000FE967 /* Project object */;
			proxyType = 1;
			remoteGlobalIDString = 23014B512809DE9F000FE967;
			remoteInfo = AppStore;
		};
		23014B6D2809DEA2000FE967 /* PBXContainerItemProxy */ = {
			isa = PBXContainerItemProxy;
			containerPortal = 23014B4A2809DE9F000FE967 /* Project object */;
			proxyType = 1;
			remoteGlobalIDString = 23014B512809DE9F000FE967;
			remoteInfo = AppStore;
		};
/* End PBXContainerItemProxy section */

/* Begin PBXFileReference section */
		23014B522809DE9F000FE967 /* AppStore.app */ = {isa = PBXFileReference; explicitFileType = wrapper.application; includeInIndex = 0; path = AppStore.app; sourceTree = BUILT_PRODUCTS_DIR; };
		23014B552809DE9F000FE967 /* AppStoreApp.swift */ = {isa = PBXFileReference; lastKnownFileType = sourcecode.swift; path = AppStoreApp.swift; sourceTree = "<group>"; };
		23014B572809DE9F000FE967 /* Home.swift */ = {isa = PBXFileReference; lastKnownFileType = sourcecode.swift; path = Home.swift; sourceTree = "<group>"; };
		23014B592809DEA2000FE967 /* Assets.xcassets */ = {isa = PBXFileReference; lastKnownFileType = folder.assetcatalog; path = Assets.xcassets; sourceTree = "<group>"; };
		23014B5C2809DEA2000FE967 /* Preview Assets.xcassets */ = {isa = PBXFileReference; lastKnownFileType = folder.assetcatalog; path = "Preview Assets.xcassets"; sourceTree = "<group>"; };
		23014B622809DEA2000FE967 /* AppStoreTests.xctest */ = {isa = PBXFileReference; explicitFileType = wrapper.cfbundle; includeInIndex = 0; path = AppStoreTests.xctest; sourceTree = BUILT_PRODUCTS_DIR; };
		23014B6C2809DEA2000FE967 /* AppStoreUITests.xctest */ = {isa = PBXFileReference; explicitFileType = wrapper.cfbundle; includeInIndex = 0; path = AppStoreUITests.xctest; sourceTree = BUILT_PRODUCTS_DIR; };
		23014B822809E8E1000FE967 /* Categories.swift */ = {isa = PBXFileReference; lastKnownFileType = sourcecode.swift; path = Categories.swift; sourceTree = "<group>"; };
		23014B842809EEA6000FE967 /* HeaderView.swift */ = {isa = PBXFileReference; lastKnownFileType = sourcecode.swift; path = HeaderView.swift; sourceTree = "<group>"; };
		231F03752809F47700E8701B /* Apps.swift */ = {isa = PBXFileReference; lastKnownFileType = sourcecode.swift; path = Apps.swift; sourceTree = "<group>"; };
		231F03772809F48100E8701B /* Movies.swift */ = {isa = PBXFileReference; lastKnownFileType = sourcecode.swift; path = Movies.swift; sourceTree = "<group>"; };
		231F03792809F48400E8701B /* Books.swift */ = {isa = PBXFileReference; lastKnownFileType = sourcecode.swift; path = Books.swift; sourceTree = "<group>"; };
		231F037B280A179700E8701B /* Product.swift */ = {isa = PBXFileReference; lastKnownFileType = sourcecode.swift; path = Product.swift; sourceTree = "<group>"; };
		231F037D280A17ED00E8701B /* ProductViewModel.swift */ = {isa = PBXFileReference; lastKnownFileType = sourcecode.swift; path = ProductViewModel.swift; sourceTree = "<group>"; };
		231F0380280A1F0200E8701B /* HScrollProducts.swift */ = {isa = PBXFileReference; lastKnownFileType = sourcecode.swift; path = HScrollProducts.swift; sourceTree = "<group>"; };
		231F0382280A201400E8701B /* ScrollHeader.swift */ = {isa = PBXFileReference; lastKnownFileType = sourcecode.swift; path = ScrollHeader.swift; sourceTree = "<group>"; };
		231F0384280A209E00E8701B /* ScrollHeaderSingle.swift */ = {isa = PBXFileReference; lastKnownFileType = sourcecode.swift; path = ScrollHeaderSingle.swift; sourceTree = "<group>"; };
		232AC02C28243BC100A17CDB /* README.md */ = {isa = PBXFileReference; lastKnownFileType = net.daringfireball.markdown; path = README.md; sourceTree = "<group>"; };
		233576C52824473200C1ACBB /* img3.png */ = {isa = PBXFileReference; lastKnownFileType = image.png; name = img3.png; path = ../../../../.Trash/img3.png; sourceTree = "<group>"; };
		233576C62824473200C1ACBB /* img1.png */ = {isa = PBXFileReference; lastKnownFileType = image.png; name = img1.png; path = ../../../../.Trash/img1.png; sourceTree = "<group>"; };
		233576C72824473200C1ACBB /* img2.png */ = {isa = PBXFileReference; lastKnownFileType = image.png; name = img2.png; path = ../../../../.Trash/img2.png; sourceTree = "<group>"; };
		23BAE418280C9E36000B2127 /* SizeOzel.swift */ = {isa = PBXFileReference; lastKnownFileType = sourcecode.swift; path = SizeOzel.swift; sourceTree = "<group>"; };
		23BAE41A280C9EA6000B2127 /* UstSiralar.swift */ = {isa = PBXFileReference; lastKnownFileType = sourcecode.swift; path = UstSiralar.swift; sourceTree = "<group>"; };
		23BAE41C280C9F0A000B2127 /* Etkinlikler.swift */ = {isa = PBXFileReference; lastKnownFileType = sourcecode.swift; path = Etkinlikler.swift; sourceTree = "<group>"; };
		23DAC9332809F24800662E7B /* MainTabView.swift */ = {isa = PBXFileReference; lastKnownFileType = sourcecode.swift; path = MainTabView.swift; sourceTree = "<group>"; };
/* End PBXFileReference section */

/* Begin PBXFrameworksBuildPhase section */
		23014B4F2809DE9F000FE967 /* Frameworks */ = {
			isa = PBXFrameworksBuildPhase;
			buildActionMask = 2147483647;
			files = (
			);
			runOnlyForDeploymentPostprocessing = 0;
		};
		23014B5F2809DEA2000FE967 /* Frameworks */ = {
			isa = PBXFrameworksBuildPhase;
			buildActionMask = 2147483647;
			files = (
			);
			runOnlyForDeploymentPostprocessing = 0;
		};
		23014B692809DEA2000FE967 /* Frameworks */ = {
			isa = PBXFrameworksBuildPhase;
			buildActionMask = 2147483647;
			files = (
			);
			runOnlyForDeploymentPostprocessing = 0;
		};
/* End PBXFrameworksBuildPhase section */

/* Begin PBXGroup section */
		23014B492809DE9F000FE967 = {
			isa = PBXGroup;
			children = (
				232AC02C28243BC100A17CDB /* README.md */,
				233576C4282446EF00C1ACBB /* images */,
				23014B542809DE9F000FE967 /* AppStore */,
				23014B532809DE9F000FE967 /* Products */,
			);
			sourceTree = "<group>";
		};
		23014B532809DE9F000FE967 /* Products */ = {
			isa = PBXGroup;
			children = (
				23014B522809DE9F000FE967 /* AppStore.app */,
				23014B622809DEA2000FE967 /* AppStoreTests.xctest */,
				23014B6C2809DEA2000FE967 /* AppStoreUITests.xctest */,
			);
			name = Products;
			sourceTree = "<group>";
		};
		23014B542809DE9F000FE967 /* AppStore */ = {
			isa = PBXGroup;
			children = (
				231F037F280A1EE700E8701B /* Components */,
				23014B812809E8D0000FE967 /* Model */,
				23014B802809E8CE000FE967 /* View */,
				23014B7F2809E8C5000FE967 /* ViewModel */,
				23014B552809DE9F000FE967 /* AppStoreApp.swift */,
				23014B592809DEA2000FE967 /* Assets.xcassets */,
				23014B5B2809DEA2000FE967 /* Preview Content */,
			);
			path = AppStore;
			sourceTree = "<group>";
		};
		23014B5B2809DEA2000FE967 /* Preview Content */ = {
			isa = PBXGroup;
			children = (
				23014B5C2809DEA2000FE967 /* Preview Assets.xcassets */,
			);
			path = "Preview Content";
			sourceTree = "<group>";
		};
		23014B7F2809E8C5000FE967 /* ViewModel */ = {
			isa = PBXGroup;
			children = (
				231F037D280A17ED00E8701B /* ProductViewModel.swift */,
			);
			path = ViewModel;
			sourceTree = "<group>";
		};
		23014B802809E8CE000FE967 /* View */ = {
			isa = PBXGroup;
			children = (
				23DAC9332809F24800662E7B /* MainTabView.swift */,
				23014B572809DE9F000FE967 /* Home.swift */,
				231F03752809F47700E8701B /* Apps.swift */,
				231F03772809F48100E8701B /* Movies.swift */,
				231F03792809F48400E8701B /* Books.swift */,
			);
			path = View;
			sourceTree = "<group>";
		};
		23014B812809E8D0000FE967 /* Model */ = {
			isa = PBXGroup;
			children = (
				23014B822809E8E1000FE967 /* Categories.swift */,
				231F037B280A179700E8701B /* Product.swift */,
			);
			path = Model;
			sourceTree = "<group>";
		};
		231F037F280A1EE700E8701B /* Components */ = {
			isa = PBXGroup;
			children = (
				23014B842809EEA6000FE967 /* HeaderView.swift */,
				231F0380280A1F0200E8701B /* HScrollProducts.swift */,
				231F0382280A201400E8701B /* ScrollHeader.swift */,
				231F0384280A209E00E8701B /* ScrollHeaderSingle.swift */,
				23BAE418280C9E36000B2127 /* SizeOzel.swift */,
				23BAE41A280C9EA6000B2127 /* UstSiralar.swift */,
				23BAE41C280C9F0A000B2127 /* Etkinlikler.swift */,
			);
			path = Components;
			sourceTree = "<group>";
		};
		233576C4282446EF00C1ACBB /* images */ = {
			isa = PBXGroup;
			children = (
				233576C62824473200C1ACBB /* img1.png */,
				233576C72824473200C1ACBB /* img2.png */,
				233576C52824473200C1ACBB /* img3.png */,
			);
			path = images;
			sourceTree = "<group>";
		};
/* End PBXGroup section */

/* Begin PBXNativeTarget section */
		23014B512809DE9F000FE967 /* AppStore */ = {
			isa = PBXNativeTarget;
			buildConfigurationList = 23014B762809DEA2000FE967 /* Build configuration list for PBXNativeTarget "AppStore" */;
			buildPhases = (
				23014B4E2809DE9F000FE967 /* Sources */,
				23014B4F2809DE9F000FE967 /* Frameworks */,
				23014B502809DE9F000FE967 /* Resources */,
			);
			buildRules = (
			);
			dependencies = (
			);
			name = AppStore;
			productName = AppStore;
			productReference = 23014B522809DE9F000FE967 /* AppStore.app */;
			productType = "com.apple.product-type.application";
		};
		23014B612809DEA2000FE967 /* AppStoreTests */ = {
			isa = PBXNativeTarget;
			buildConfigurationList = 23014B792809DEA2000FE967 /* Build configuration list for PBXNativeTarget "AppStoreTests" */;
			buildPhases = (
				23014B5E2809DEA2000FE967 /* Sources */,
				23014B5F2809DEA2000FE967 /* Frameworks */,
				23014B602809DEA2000FE967 /* Resources */,
			);
			buildRules = (
			);
			dependencies = (
				23014B642809DEA2000FE967 /* PBXTargetDependency */,
			);
			name = AppStoreTests;
			productName = AppStoreTests;
			productReference = 23014B622809DEA2000FE967 /* AppStoreTests.xctest */;
			productType = "com.apple.product-type.bundle.unit-test";
		};
		23014B6B2809DEA2000FE967 /* AppStoreUITests */ = {
			isa = PBXNativeTarget;
			buildConfigurationList = 23014B7C2809DEA2000FE967 /* Build configuration list for PBXNativeTarget "AppStoreUITests" */;
			buildPhases = (
				23014B682809DEA2000FE967 /* Sources */,
				23014B692809DEA2000FE967 /* Frameworks */,
				23014B6A2809DEA2000FE967 /* Resources */,
			);
			buildRules = (
			);
			dependencies = (
				23014B6E2809DEA2000FE967 /* PBXTargetDependency */,
			);
			name = AppStoreUITests;
			productName = AppStoreUITests;
			productReference = 23014B6C2809DEA2000FE967 /* AppStoreUITests.xctest */;
			productType = "com.apple.product-type.bundle.ui-testing";
		};
/* End PBXNativeTarget section */

/* Begin PBXProject section */
		23014B4A2809DE9F000FE967 /* Project object */ = {
			isa = PBXProject;
			attributes = {
				BuildIndependentTargetsInParallel = 1;
				LastSwiftUpdateCheck = 1330;
				LastUpgradeCheck = 1330;
				TargetAttributes = {
					23014B512809DE9F000FE967 = {
						CreatedOnToolsVersion = 13.3.1;
					};
					23014B612809DEA2000FE967 = {
						CreatedOnToolsVersion = 13.3.1;
						TestTargetID = 23014B512809DE9F000FE967;
					};
					23014B6B2809DEA2000FE967 = {
						CreatedOnToolsVersion = 13.3.1;
						TestTargetID = 23014B512809DE9F000FE967;
					};
				};
			};
			buildConfigurationList = 23014B4D2809DE9F000FE967 /* Build configuration list for PBXProject "AppStore" */;
			compatibilityVersion = "Xcode 13.0";
			developmentRegion = en;
			hasScannedForEncodings = 0;
			knownRegions = (
				en,
				Base,
			);
			mainGroup = 23014B492809DE9F000FE967;
			productRefGroup = 23014B532809DE9F000FE967 /* Products */;
			projectDirPath = "";
			projectRoot = "";
			targets = (
				23014B512809DE9F000FE967 /* AppStore */,
				23014B612809DEA2000FE967 /* AppStoreTests */,
				23014B6B2809DEA2000FE967 /* AppStoreUITests */,
			);
		};
/* End PBXProject section */

/* Begin PBXResourcesBuildPhase section */
		23014B502809DE9F000FE967 /* Resources */ = {
			isa = PBXResourcesBuildPhase;
			buildActionMask = 2147483647;
			files = (
				23014B5D2809DEA2000FE967 /* Preview Assets.xcassets in Resources */,
				233576CA2824473200C1ACBB /* img2.png in Resources */,
				233576C92824473200C1ACBB /* img1.png in Resources */,
				23014B5A2809DEA2000FE967 /* Assets.xcassets in Resources */,
				233576C82824473200C1ACBB /* img3.png in Resources */,
			);
			runOnlyForDeploymentPostprocessing = 0;
		};
		23014B602809DEA2000FE967 /* Resources */ = {
			isa = PBXResourcesBuildPhase;
			buildActionMask = 2147483647;
			files = (
			);
			runOnlyForDeploymentPostprocessing = 0;
		};
		23014B6A2809DEA2000FE967 /* Resources */ = {
			isa = PBXResourcesBuildPhase;
			buildActionMask = 2147483647;
			files = (
			);
			runOnlyForDeploymentPostprocessing = 0;
		};
/* End PBXResourcesBuildPhase section */

/* Begin PBXSourcesBuildPhase section */
		23014B4E2809DE9F000FE967 /* Sources */ = {
			isa = PBXSourcesBuildPhase;
			buildActionMask = 2147483647;
			files = (
				231F03782809F48100E8701B /* Movies.swift in Sources */,
				23014B582809DE9F000FE967 /* Home.swift in Sources */,
				231F037C280A179700E8701B /* Product.swift in Sources */,
				23014B562809DE9F000FE967 /* AppStoreApp.swift in Sources */,
				23BAE419280C9E36000B2127 /* SizeOzel.swift in Sources */,
				231F0385280A209E00E8701B /* ScrollHeaderSingle.swift in Sources */,
				23BAE41B280C9EA6000B2127 /* UstSiralar.swift in Sources */,
				231F037E280A17ED00E8701B /* ProductViewModel.swift in Sources */,
				231F0383280A201400E8701B /* ScrollHeader.swift in Sources */,
				23014B832809E8E1000FE967 /* Categories.swift in Sources */,
				23BAE41D280C9F0A000B2127 /* Etkinlikler.swift in Sources */,
				231F037A2809F48400E8701B /* Books.swift in Sources */,
				231F03762809F47700E8701B /* Apps.swift in Sources */,
				23014B852809EEA6000FE967 /* HeaderView.swift in Sources */,
				23DAC9342809F24800662E7B /* MainTabView.swift in Sources */,
				231F0381280A1F0200E8701B /* HScrollProducts.swift in Sources */,
			);
			runOnlyForDeploymentPostprocessing = 0;
		};
		23014B5E2809DEA2000FE967 /* Sources */ = {
			isa = PBXSourcesBuildPhase;
			buildActionMask = 2147483647;
			files = (
			);
			runOnlyForDeploymentPostprocessing = 0;
		};
		23014B682809DEA2000FE967 /* Sources */ = {
			isa = PBXSourcesBuildPhase;
			buildActionMask = 2147483647;
			files = (
			);
			runOnlyForDeploymentPostprocessing = 0;
		};
/* End PBXSourcesBuildPhase section */

/* Begin PBXTargetDependency section */
		23014B642809DEA2000FE967 /* PBXTargetDependency */ = {
			isa = PBXTargetDependency;
			target = 23014B512809DE9F000FE967 /* AppStore */;
			targetProxy = 23014B632809DEA2000FE967 /* PBXContainerItemProxy */;
		};
		23014B6E2809DEA2000FE967 /* PBXTargetDependency */ = {
			isa = PBXTargetDependency;
			target = 23014B512809DE9F000FE967 /* AppStore */;
			targetProxy = 23014B6D2809DEA2000FE967 /* PBXContainerItemProxy */;
		};
/* End PBXTargetDependency section */

/* Begin XCBuildConfiguration section */
		23014B742809DEA2000FE967 /* Debug */ = {
			isa = XCBuildConfiguration;
			buildSettings = {
				ALWAYS_SEARCH_USER_PATHS = NO;
				CLANG_ANALYZER_NONNULL = YES;
				CLANG_ANALYZER_NUMBER_OBJECT_CONVERSION = YES_AGGRESSIVE;
				CLANG_CXX_LANGUAGE_STANDARD = "gnu++17";
				CLANG_ENABLE_MODULES = YES;
				CLANG_ENABLE_OBJC_ARC = YES;
				CLANG_ENABLE_OBJC_WEAK = YES;
				CLANG_WARN_BLOCK_CAPTURE_AUTORELEASING = YES;
				CLANG_WARN_BOOL_CONVERSION = YES;
				CLANG_WARN_COMMA = YES;
				CLANG_WARN_CONSTANT_CONVERSION = YES;
				CLANG_WARN_DEPRECATED_OBJC_IMPLEMENTATIONS = YES;
				CLANG_WARN_DIRECT_OBJC_ISA_USAGE = YES_ERROR;
				CLANG_WARN_DOCUMENTATION_COMMENTS = YES;
				CLANG_WARN_EMPTY_BODY = YES;
				CLANG_WARN_ENUM_CONVERSION = YES;
				CLANG_WARN_INFINITE_RECURSION = YES;
				CLANG_WARN_INT_CONVERSION = YES;
				CLANG_WARN_NON_LITERAL_NULL_CONVERSION = YES;
				CLANG_WARN_OBJC_IMPLICIT_RETAIN_SELF = YES;
				CLANG_WARN_OBJC_LITERAL_CONVERSION = YES;
				CLANG_WARN_OBJC_ROOT_CLASS = YES_ERROR;
				CLANG_WARN_QUOTED_INCLUDE_IN_FRAMEWORK_HEADER = YES;
				CLANG_WARN_RANGE_LOOP_ANALYSIS = YES;
				CLANG_WARN_STRICT_PROTOTYPES = YES;
				CLANG_WARN_SUSPICIOUS_MOVE = YES;
				CLANG_WARN_UNGUARDED_AVAILABILITY = YES_AGGRESSIVE;
				CLANG_WARN_UNREACHABLE_CODE = YES;
				CLANG_WARN__DUPLICATE_METHOD_MATCH = YES;
				COPY_PHASE_STRIP = NO;
				DEBUG_INFORMATION_FORMAT = dwarf;
				ENABLE_STRICT_OBJC_MSGSEND = YES;
				ENABLE_TESTABILITY = YES;
				GCC_C_LANGUAGE_STANDARD = gnu11;
				GCC_DYNAMIC_NO_PIC = NO;
				GCC_NO_COMMON_BLOCKS = YES;
				GCC_OPTIMIZATION_LEVEL = 0;
				GCC_PREPROCESSOR_DEFINITIONS = (
					"DEBUG=1",
					"$(inherited)",
				);
				GCC_WARN_64_TO_32_BIT_CONVERSION = YES;
				GCC_WARN_ABOUT_RETURN_TYPE = YES_ERROR;
				GCC_WARN_UNDECLARED_SELECTOR = YES;
				GCC_WARN_UNINITIALIZED_AUTOS = YES_AGGRESSIVE;
				GCC_WARN_UNUSED_FUNCTION = YES;
				GCC_WARN_UNUSED_VARIABLE = YES;
				IPHONEOS_DEPLOYMENT_TARGET = 15.4;
				MTL_ENABLE_DEBUG_INFO = INCLUDE_SOURCE;
				MTL_FAST_MATH = YES;
				ONLY_ACTIVE_ARCH = YES;
				SDKROOT = iphoneos;
				SWIFT_ACTIVE_COMPILATION_CONDITIONS = DEBUG;
				SWIFT_OPTIMIZATION_LEVEL = "-Onone";
			};
			name = Debug;
		};
		23014B752809DEA2000FE967 /* Release */ = {
			isa = XCBuildConfiguration;
			buildSettings = {
				ALWAYS_SEARCH_USER_PATHS = NO;
				CLANG_ANALYZER_NONNULL = YES;
				CLANG_ANALYZER_NUMBER_OBJECT_CONVERSION = YES_AGGRESSIVE;
				CLANG_CXX_LANGUAGE_STANDARD = "gnu++17";
				CLANG_ENABLE_MODULES = YES;
				CLANG_ENABLE_OBJC_ARC = YES;
				CLANG_ENABLE_OBJC_WEAK = YES;
				CLANG_WARN_BLOCK_CAPTURE_AUTORELEASING = YES;
				CLANG_WARN_BOOL_CONVERSION = YES;
				CLANG_WARN_COMMA = YES;
				CLANG_WARN_CONSTANT_CONVERSION = YES;
				CLANG_WARN_DEPRECATED_OBJC_IMPLEMENTATIONS = YES;
				CLANG_WARN_DIRECT_OBJC_ISA_USAGE = YES_ERROR;
				CLANG_WARN_DOCUMENTATION_COMMENTS = YES;
				CLANG_WARN_EMPTY_BODY = YES;
				CLANG_WARN_ENUM_CONVERSION = YES;
				CLANG_WARN_INFINITE_RECURSION = YES;
				CLANG_WARN_INT_CONVERSION = YES;
				CLANG_WARN_NON_LITERAL_NULL_CONVERSION = YES;
				CLANG_WARN_OBJC_IMPLICIT_RETAIN_SELF = YES;
				CLANG_WARN_OBJC_LITERAL_CONVERSION = YES;
				CLANG_WARN_OBJC_ROOT_CLASS = YES_ERROR;
				CLANG_WARN_QUOTED_INCLUDE_IN_FRAMEWORK_HEADER = YES;
				CLANG_WARN_RANGE_LOOP_ANALYSIS = YES;
				CLANG_WARN_STRICT_PROTOTYPES = YES;
				CLANG_WARN_SUSPICIOUS_MOVE = YES;
				CLANG_WARN_UNGUARDED_AVAILABILITY = YES_AGGRESSIVE;
				CLANG_WARN_UNREACHABLE_CODE = YES;
				CLANG_WARN__DUPLICATE_METHOD_MATCH = YES;
				COPY_PHASE_STRIP = NO;
				DEBUG_INFORMATION_FORMAT = "dwarf-with-dsym";
				ENABLE_NS_ASSERTIONS = NO;
				ENABLE_STRICT_OBJC_MSGSEND = YES;
				GCC_C_LANGUAGE_STANDARD = gnu11;
				GCC_NO_COMMON_BLOCKS = YES;
				GCC_WARN_64_TO_32_BIT_CONVERSION = YES;
				GCC_WARN_ABOUT_RETURN_TYPE = YES_ERROR;
				GCC_WARN_UNDECLARED_SELECTOR = YES;
				GCC_WARN_UNINITIALIZED_AUTOS = YES_AGGRESSIVE;
				GCC_WARN_UNUSED_FUNCTION = YES;
				GCC_WARN_UNUSED_VARIABLE = YES;
				IPHONEOS_DEPLOYMENT_TARGET = 15.4;
				MTL_ENABLE_DEBUG_INFO = NO;
				MTL_FAST_MATH = YES;
				SDKROOT = iphoneos;
				SWIFT_COMPILATION_MODE = wholemodule;
				SWIFT_OPTIMIZATION_LEVEL = "-O";
				VALIDATE_PRODUCT = YES;
			};
			name = Release;
		};
		23014B772809DEA2000FE967 /* Debug */ = {
			isa = XCBuildConfiguration;
			buildSettings = {
				ASSETCATALOG_COMPILER_APPICON_NAME = AppIcon;
				ASSETCATALOG_COMPILER_GLOBAL_ACCENT_COLOR_NAME = AccentColor;
				CODE_SIGN_STYLE = Automatic;
				CURRENT_PROJECT_VERSION = 1;
				DEVELOPMENT_ASSET_PATHS = "\"AppStore/Preview Content\"";
				DEVELOPMENT_TEAM = 62693BZN4B;
				ENABLE_PREVIEWS = YES;
				GENERATE_INFOPLIST_FILE = YES;
				INFOPLIST_KEY_UIApplicationSceneManifest_Generation = YES;
				INFOPLIST_KEY_UIApplicationSupportsIndirectInputEvents = YES;
				INFOPLIST_KEY_UILaunchScreen_Generation = YES;
				INFOPLIST_KEY_UISupportedInterfaceOrientations_iPad = "UIInterfaceOrientationPortrait UIInterfaceOrientationPortraitUpsideDown UIInterfaceOrientationLandscapeLeft UIInterfaceOrientationLandscapeRight";
				INFOPLIST_KEY_UISupportedInterfaceOrientations_iPhone = "UIInterfaceOrientationPortrait UIInterfaceOrientationLandscapeLeft UIInterfaceOrientationLandscapeRight";
				LD_RUNPATH_SEARCH_PATHS = (
					"$(inherited)",
					"@executable_path/Frameworks",
				);
				MARKETING_VERSION = 1.0;
				PRODUCT_BUNDLE_IDENTIFIER = berkaydisli.AppStore;
				PRODUCT_NAME = "$(TARGET_NAME)";
				SWIFT_EMIT_LOC_STRINGS = YES;
				SWIFT_VERSION = 5.0;
				TARGETED_DEVICE_FAMILY = "1,2";
			};
			name = Debug;
		};
		23014B782809DEA2000FE967 /* Release */ = {
			isa = XCBuildConfiguration;
			buildSettings = {
				ASSETCATALOG_COMPILER_APPICON_NAME = AppIcon;
				ASSETCATALOG_COMPILER_GLOBAL_ACCENT_COLOR_NAME = AccentColor;
				CODE_SIGN_STYLE = Automatic;
				CURRENT_PROJECT_VERSION = 1;
				DEVELOPMENT_ASSET_PATHS = "\"AppStore/Preview Content\"";
				DEVELOPMENT_TEAM = 62693BZN4B;
				ENABLE_PREVIEWS = YES;
				GENERATE_INFOPLIST_FILE = YES;
				INFOPLIST_KEY_UIApplicationSceneManifest_Generation = YES;
				INFOPLIST_KEY_UIApplicationSupportsIndirectInputEvents = YES;
				INFOPLIST_KEY_UILaunchScreen_Generation = YES;
				INFOPLIST_KEY_UISupportedInterfaceOrientations_iPad = "UIInterfaceOrientationPortrait UIInterfaceOrientationPortraitUpsideDown UIInterfaceOrientationLandscapeLeft UIInterfaceOrientationLandscapeRight";
				INFOPLIST_KEY_UISupportedInterfaceOrientations_iPhone = "UIInterfaceOrientationPortrait UIInterfaceOrientationLandscapeLeft UIInterfaceOrientationLandscapeRight";
				LD_RUNPATH_SEARCH_PATHS = (
					"$(inherited)",
					"@executable_path/Frameworks",
				);
				MARKETING_VERSION = 1.0;
				PRODUCT_BUNDLE_IDENTIFIER = berkaydisli.AppStore;
				PRODUCT_NAME = "$(TARGET_NAME)";
				SWIFT_EMIT_LOC_STRINGS = YES;
				SWIFT_VERSION = 5.0;
				TARGETED_DEVICE_FAMILY = "1,2";
			};
			name = Release;
		};
		23014B7A2809DEA2000FE967 /* Debug */ = {
			isa = XCBuildConfiguration;
			buildSettings = {
				ALWAYS_EMBED_SWIFT_STANDARD_LIBRARIES = YES;
				BUNDLE_LOADER = "$(TEST_HOST)";
				CODE_SIGN_STYLE = Automatic;
				CURRENT_PROJECT_VERSION = 1;
				DEVELOPMENT_TEAM = 62693BZN4B;
				GENERATE_INFOPLIST_FILE = YES;
				IPHONEOS_DEPLOYMENT_TARGET = 15.4;
				MARKETING_VERSION = 1.0;
				PRODUCT_BUNDLE_IDENTIFIER = berkaydisli.AppStoreTests;
				PRODUCT_NAME = "$(TARGET_NAME)";
				SWIFT_EMIT_LOC_STRINGS = NO;
				SWIFT_VERSION = 5.0;
				TARGETED_DEVICE_FAMILY = "1,2";
				TEST_HOST = "$(BUILT_PRODUCTS_DIR)/AppStore.app/AppStore";
			};
			name = Debug;
		};
		23014B7B2809DEA2000FE967 /* Release */ = {
			isa = XCBuildConfiguration;
			buildSettings = {
				ALWAYS_EMBED_SWIFT_STANDARD_LIBRARIES = YES;
				BUNDLE_LOADER = "$(TEST_HOST)";
				CODE_SIGN_STYLE = Automatic;
				CURRENT_PROJECT_VERSION = 1;
				DEVELOPMENT_TEAM = 62693BZN4B;
				GENERATE_INFOPLIST_FILE = YES;
				IPHONEOS_DEPLOYMENT_TARGET = 15.4;
				MARKETING_VERSION = 1.0;
				PRODUCT_BUNDLE_IDENTIFIER = berkaydisli.AppStoreTests;
				PRODUCT_NAME = "$(TARGET_NAME)";
				SWIFT_EMIT_LOC_STRINGS = NO;
				SWIFT_VERSION = 5.0;
				TARGETED_DEVICE_FAMILY = "1,2";
				TEST_HOST = "$(BUILT_PRODUCTS_DIR)/AppStore.app/AppStore";
			};
			name = Release;
		};
		23014B7D2809DEA2000FE967 /* Debug */ = {
			isa = XCBuildConfiguration;
			buildSettings = {
				ALWAYS_EMBED_SWIFT_STANDARD_LIBRARIES = YES;
				CODE_SIGN_STYLE = Automatic;
				CURRENT_PROJECT_VERSION = 1;
				DEVELOPMENT_TEAM = 62693BZN4B;
				GENERATE_INFOPLIST_FILE = YES;
				MARKETING_VERSION = 1.0;
				PRODUCT_BUNDLE_IDENTIFIER = berkaydisli.AppStoreUITests;
				PRODUCT_NAME = "$(TARGET_NAME)";
				SWIFT_EMIT_LOC_STRINGS = NO;
				SWIFT_VERSION = 5.0;
				TARGETED_DEVICE_FAMILY = "1,2";
				TEST_TARGET_NAME = AppStore;
			};
			name = Debug;
		};
		23014B7E2809DEA2000FE967 /* Release */ = {
			isa = XCBuildConfiguration;
			buildSettings = {
				ALWAYS_EMBED_SWIFT_STANDARD_LIBRARIES = YES;
				CODE_SIGN_STYLE = Automatic;
				CURRENT_PROJECT_VERSION = 1;
				DEVELOPMENT_TEAM = 62693BZN4B;
				GENERATE_INFOPLIST_FILE = YES;
				MARKETING_VERSION = 1.0;
				PRODUCT_BUNDLE_IDENTIFIER = berkaydisli.AppStoreUITests;
				PRODUCT_NAME = "$(TARGET_NAME)";
				SWIFT_EMIT_LOC_STRINGS = NO;
				SWIFT_VERSION = 5.0;
				TARGETED_DEVICE_FAMILY = "1,2";
				TEST_TARGET_NAME = AppStore;
			};
			name = Release;
		};
/* End XCBuildConfiguration section */

/* Begin XCConfigurationList section */
		23014B4D2809DE9F000FE967 /* Build configuration list for PBXProject "AppStore" */ = {
			isa = XCConfigurationList;
			buildConfigurations = (
				23014B742809DEA2000FE967 /* Debug */,
				23014B752809DEA2000FE967 /* Release */,
			);
			defaultConfigurationIsVisible = 0;
			defaultConfigurationName = Release;
		};
		23014B762809DEA2000FE967 /* Build configuration list for PBXNativeTarget "AppStore" */ = {
			isa = XCConfigurationList;
			buildConfigurations = (
				23014B772809DEA2000FE967 /* Debug */,
				23014B782809DEA2000FE967 /* Release */,
			);
			defaultConfigurationIsVisible = 0;
			defaultConfigurationName = Release;
		};
		23014B792809DEA2000FE967 /* Build configuration list for PBXNativeTarget "AppStoreTests" */ = {
			isa = XCConfigurationList;
			buildConfigurations = (
				23014B7A2809DEA2000FE967 /* Debug */,
				23014B7B2809DEA2000FE967 /* Release */,
			);
			defaultConfigurationIsVisible = 0;
			defaultConfigurationName = Release;
		};
		23014B7C2809DEA2000FE967 /* Build configuration list for PBXNativeTarget "AppStoreUITests" */ = {
			isa = XCConfigurationList;
			buildConfigurations = (
				23014B7D2809DEA2000FE967 /* Debug */,
				23014B7E2809DEA2000FE967 /* Release */,
			);
			defaultConfigurationIsVisible = 0;
			defaultConfigurationName = Release;
		};
/* End XCConfigurationList section */
	};
	rootObject = 23014B4A2809DE9F000FE967 /* Project object */;
}
